{
  "version": 4,
  "terraform_version": "1.0.7",
  "serial": 22,
  "lineage": "a54ce99d-e87a-8311-9f54-af79e1351af3",
  "outputs": {
    "bastion_security_group_id": {
      "value": "sg-03cf39118b213c974",
      "type": "string"
    },
    "bastion_security_group_name": {
      "value": "SG-bastion-host-20211022024701290700000001",
      "type": "string"
    },
    "bastion_security_group_vpc_id": {
      "value": "vpc-0197cd7ae68519180",
      "type": "string"
    },
    "ec2-bastion-instance-id": {
      "value": "i-0bee359a41b71a036",
      "type": "string"
    },
    "ec2-bastion-instance-public_ip": {
      "value": "3.239.150.145",
      "type": "string"
    },
    "nat_public_ip": {
      "value": [
        "54.234.130.38"
      ],
      "type": [
        "list",
        "string"
      ]
    },
    "private_subnet": {
      "value": [
        "subnet-04ddbe0402654410d",
        "subnet-06e9d717034009602"
      ],
      "type": [
        "tuple",
        [
          "string",
          "string"
        ]
      ]
    },
    "public_subnet": {
      "value": [
        "subnet-0a68aad311373be06",
        "subnet-072a63e7d81f9e36d"
      ],
      "type": [
        "tuple",
        [
          "string",
          "string"
        ]
      ]
    },
    "vpc_id": {
      "value": "vpc-0197cd7ae68519180",
      "type": "string"
    }
  },
  "resources": [
    {
      "mode": "data",
      "type": "aws_ami",
      "name": "myami",
      "provider": "provider[\"registry.terraform.io/hashicorp/aws\"]",
      "instances": [
        {
          "schema_version": 0,
          "attributes": {
            "architecture": "x86_64",
            "arn": "arn:aws:ec2:us-east-1::image/ami-01cc34ab2709337aa",
            "block_device_mappings": [
              {
                "device_name": "/dev/xvda",
                "ebs": {
                  "delete_on_termination": "true",
                  "encrypted": "false",
                  "iops": "0",
                  "snapshot_id": "snap-08e7398ef8a6052df",
                  "throughput": "0",
                  "volume_size": "8",
                  "volume_type": "gp2"
                },
                "no_device": "",
                "virtual_name": ""
              }
            ],
            "creation_date": "2021-10-12T14:13:54.000Z",
            "description": "Amazon Linux 2 AMI 2.0.20211005.0 x86_64 HVM gp2",
            "ena_support": true,
            "executable_users": null,
            "filter": [
              {
                "name": "name",
                "values": [
                  "amzn2-ami-hvm-*-gp2"
                ]
              },
              {
                "name": "root-device-type",
                "values": [
                  "ebs"
                ]
              },
              {
                "name": "virtualization-type",
                "values": [
                  "hvm"
                ]
              }
            ],
            "hypervisor": "xen",
            "id": "ami-01cc34ab2709337aa",
            "image_id": "ami-01cc34ab2709337aa",
            "image_location": "amazon/amzn2-ami-hvm-2.0.20211005.0-x86_64-gp2",
            "image_owner_alias": "amazon",
            "image_type": "machine",
            "kernel_id": null,
            "most_recent": true,
            "name": "amzn2-ami-hvm-2.0.20211005.0-x86_64-gp2",
            "name_regex": null,
            "owner_id": "137112412989",
            "owners": [
              "amazon"
            ],
            "platform": null,
            "platform_details": "Linux/UNIX",
            "product_codes": [],
            "public": true,
            "ramdisk_id": null,
            "root_device_name": "/dev/xvda",
            "root_device_type": "ebs",
            "root_snapshot_id": "snap-08e7398ef8a6052df",
            "sriov_net_support": "simple",
            "state": "available",
            "state_reason": {
              "code": "UNSET",
              "message": "UNSET"
            },
            "tags": {},
            "usage_operation": "RunInstances",
            "virtualization_type": "hvm"
          },
          "sensitive_attributes": []
        }
      ]
    },
    {
      "mode": "data",
      "type": "aws_availability_zones",
      "name": "myaz",
      "provider": "provider[\"registry.terraform.io/hashicorp/aws\"]",
      "instances": [
        {
          "schema_version": 0,
          "attributes": {
            "all_availability_zones": null,
            "exclude_names": null,
            "exclude_zone_ids": null,
            "filter": [
              {
                "name": "opt-in-status",
                "values": [
                  "opt-in-not-required"
                ]
              }
            ],
            "group_names": [
              "us-east-1"
            ],
            "id": "us-east-1",
            "names": [
              "us-east-1a",
              "us-east-1b",
              "us-east-1c",
              "us-east-1d",
              "us-east-1e",
              "us-east-1f"
            ],
            "state": null,
            "zone_ids": [
              "use1-az1",
              "use1-az2",
              "use1-az4",
              "use1-az6",
              "use1-az3",
              "use1-az5"
            ]
          },
          "sensitive_attributes": []
        }
      ]
    },
    {
      "mode": "managed",
      "type": "aws_eip",
      "name": "elastic-ip",
      "provider": "provider[\"registry.terraform.io/hashicorp/aws\"]",
      "instances": [
        {
          "schema_version": 0,
          "attributes": {
            "address": null,
            "allocation_id": null,
            "associate_with_private_ip": null,
            "association_id": "eipassoc-0febe3902d64e2b5d",
            "carrier_ip": "",
            "customer_owned_ip": "",
            "customer_owned_ipv4_pool": "",
            "domain": "vpc",
            "id": "eipalloc-02578c2df2c91bbf9",
            "instance": "i-0bee359a41b71a036",
            "network_border_group": "us-east-1",
            "network_interface": "eni-05dcc506fe965f696",
            "private_dns": "ip-10-0-3-230.ec2.internal",
            "private_ip": "10.0.3.230",
            "public_dns": "ec2-3-225-76-166.compute-1.amazonaws.com",
            "public_ip": "3.225.76.166",
            "public_ipv4_pool": "amazon",
            "tags": {
              "environment": "dev",
              "owners": "sap"
            },
            "tags_all": {
              "environment": "dev",
              "owners": "sap"
            },
            "timeouts": null,
            "vpc": true
          },
          "sensitive_attributes": [],
          "private": "eyJlMmJmYjczMC1lY2FhLTExZTYtOGY4OC0zNDM2M2JjN2M0YzAiOnsiZGVsZXRlIjoxODAwMDAwMDAwMDAsInJlYWQiOjkwMDAwMDAwMDAwMCwidXBkYXRlIjozMDAwMDAwMDAwMDB9fQ==",
          "dependencies": [
            "data.aws_ami.myami",
            "module.ec2-bastion-instance.aws_instance.this",
            "module.ec2-bastion-instance.aws_spot_instance_request.this",
            "module.myvpc.aws_cloudwatch_log_group.flow_log",
            "module.myvpc.aws_customer_gateway.this",
            "module.myvpc.aws_db_subnet_group.database",
            "module.myvpc.aws_default_network_acl.this",
            "module.myvpc.aws_default_route_table.default",
            "module.myvpc.aws_default_security_group.this",
            "module.myvpc.aws_default_vpc.this",
            "module.myvpc.aws_egress_only_internet_gateway.this",
            "module.myvpc.aws_eip.nat",
            "module.myvpc.aws_elasticache_subnet_group.elasticache",
            "module.myvpc.aws_flow_log.this",
            "module.myvpc.aws_iam_policy.vpc_flow_log_cloudwatch",
            "module.myvpc.aws_iam_role.vpc_flow_log_cloudwatch",
            "module.myvpc.aws_iam_role_policy_attachment.vpc_flow_log_cloudwatch",
            "module.myvpc.aws_internet_gateway.this",
            "module.myvpc.aws_nat_gateway.this",
            "module.myvpc.aws_network_acl.database",
            "module.myvpc.aws_network_acl.elasticache",
            "module.myvpc.aws_network_acl.intra",
            "module.myvpc.aws_network_acl.outpost",
            "module.myvpc.aws_network_acl.private",
            "module.myvpc.aws_network_acl.public",
            "module.myvpc.aws_network_acl.redshift",
            "module.myvpc.aws_network_acl_rule.database_inbound",
            "module.myvpc.aws_network_acl_rule.database_outbound",
            "module.myvpc.aws_network_acl_rule.elasticache_inbound",
            "module.myvpc.aws_network_acl_rule.elasticache_outbound",
            "module.myvpc.aws_network_acl_rule.intra_inbound",
            "module.myvpc.aws_network_acl_rule.intra_outbound",
            "module.myvpc.aws_network_acl_rule.outpost_inbound",
            "module.myvpc.aws_network_acl_rule.outpost_outbound",
            "module.myvpc.aws_network_acl_rule.private_inbound",
            "module.myvpc.aws_network_acl_rule.private_outbound",
            "module.myvpc.aws_network_acl_rule.public_inbound",
            "module.myvpc.aws_network_acl_rule.public_outbound",
            "module.myvpc.aws_network_acl_rule.redshift_inbound",
            "module.myvpc.aws_network_acl_rule.redshift_outbound",
            "module.myvpc.aws_redshift_subnet_group.redshift",
            "module.myvpc.aws_route.database_internet_gateway",
            "module.myvpc.aws_route.database_ipv6_egress",
            "module.myvpc.aws_route.database_nat_gateway",
            "module.myvpc.aws_route.private_ipv6_egress",
            "module.myvpc.aws_route.private_nat_gateway",
            "module.myvpc.aws_route.public_internet_gateway",
            "module.myvpc.aws_route.public_internet_gateway_ipv6",
            "module.myvpc.aws_route_table.database",
            "module.myvpc.aws_route_table.elasticache",
            "module.myvpc.aws_route_table.intra",
            "module.myvpc.aws_route_table.private",
            "module.myvpc.aws_route_table.public",
            "module.myvpc.aws_route_table.redshift",
            "module.myvpc.aws_route_table_association.database",
            "module.myvpc.aws_route_table_association.elasticache",
            "module.myvpc.aws_route_table_association.intra",
            "module.myvpc.aws_route_table_association.outpost",
            "module.myvpc.aws_route_table_association.private",
            "module.myvpc.aws_route_table_association.public",
            "module.myvpc.aws_route_table_association.redshift",
            "module.myvpc.aws_route_table_association.redshift_public",
            "module.myvpc.aws_subnet.database",
            "module.myvpc.aws_subnet.elasticache",
            "module.myvpc.aws_subnet.intra",
            "module.myvpc.aws_subnet.outpost",
            "module.myvpc.aws_subnet.private",
            "module.myvpc.aws_subnet.public",
            "module.myvpc.aws_subnet.redshift",
            "module.myvpc.aws_vpc.this",
            "module.myvpc.aws_vpc_dhcp_options.this",
            "module.myvpc.aws_vpc_dhcp_options_association.this",
            "module.myvpc.aws_vpc_ipv4_cidr_block_association.this",
            "module.myvpc.aws_vpn_gateway.this",
            "module.myvpc.aws_vpn_gateway_attachment.this",
            "module.myvpc.aws_vpn_gateway_route_propagation.intra",
            "module.myvpc.aws_vpn_gateway_route_propagation.private",
            "module.myvpc.aws_vpn_gateway_route_propagation.public",
            "module.myvpc.data.aws_iam_policy_document.flow_log_cloudwatch_assume_role",
            "module.myvpc.data.aws_iam_policy_document.vpc_flow_log_cloudwatch",
            "module.public_bastion_sg.aws_security_group.this",
            "module.public_bastion_sg.aws_security_group.this_name_prefix"
          ]
        }
      ]
    },
    {
      "module": "module.ec2-bastion-instance",
      "mode": "managed",
      "type": "aws_instance",
      "name": "this",
      "provider": "provider[\"registry.terraform.io/hashicorp/aws\"]",
      "instances": [
        {
          "index_key": 0,
          "schema_version": 1,
          "attributes": {
            "ami": "ami-01cc34ab2709337aa",
            "arn": "arn:aws:ec2:us-east-1:097197321955:instance/i-0bee359a41b71a036",
            "associate_public_ip_address": true,
            "availability_zone": "us-east-1a",
            "capacity_reservation_specification": [
              {
                "capacity_reservation_preference": "open",
                "capacity_reservation_target": []
              }
            ],
            "cpu_core_count": 1,
            "cpu_threads_per_core": 1,
            "credit_specification": [
              {
                "cpu_credits": "standard"
              }
            ],
            "disable_api_termination": false,
            "ebs_block_device": [],
            "ebs_optimized": false,
            "enclave_options": [
              {
                "enabled": false
              }
            ],
            "ephemeral_block_device": [],
            "get_password_data": false,
            "hibernation": false,
            "host_id": null,
            "iam_instance_profile": "",
            "id": "i-0bee359a41b71a036",
            "instance_initiated_shutdown_behavior": "stop",
            "instance_state": "running",
            "instance_type": "t2.micro",
            "ipv6_address_count": 0,
            "ipv6_addresses": [],
            "key_name": "terraformkey",
            "launch_template": [],
            "metadata_options": [
              {
                "http_endpoint": "enabled",
                "http_put_response_hop_limit": 1,
                "http_tokens": "optional"
              }
            ],
            "monitoring": false,
            "network_interface": [],
            "outpost_arn": "",
            "password_data": "",
            "placement_group": "",
            "primary_network_interface_id": "eni-05dcc506fe965f696",
            "private_dns": "ip-10-0-3-230.ec2.internal",
            "private_ip": "10.0.3.230",
            "public_dns": "ec2-3-239-150-145.compute-1.amazonaws.com",
            "public_ip": "3.239.150.145",
            "root_block_device": [
              {
                "delete_on_termination": true,
                "device_name": "/dev/xvda",
                "encrypted": false,
                "iops": 100,
                "kms_key_id": "",
                "tags": {},
                "throughput": 0,
                "volume_id": "vol-0edb725065fd8474c",
                "volume_size": 8,
                "volume_type": "gp2"
              }
            ],
            "secondary_private_ips": [],
            "security_groups": [],
            "source_dest_check": true,
            "subnet_id": "subnet-0a68aad311373be06",
            "tags": {
              "Name": "dev-public-instance",
              "environment": "dev",
              "owners": "sap"
            },
            "tags_all": {
              "Name": "dev-public-instance",
              "environment": "dev",
              "owners": "sap"
            },
            "tenancy": "default",
            "timeouts": {
              "create": null,
              "delete": null,
              "update": null
            },
            "user_data": null,
            "user_data_base64": null,
            "volume_tags": {
              "Name": "dev-public-instance"
            },
            "vpc_security_group_ids": [
              "sg-03cf39118b213c974"
            ]
          },
          "sensitive_attributes": [],
          "private": "eyJlMmJmYjczMC1lY2FhLTExZTYtOGY4OC0zNDM2M2JjN2M0YzAiOnsiY3JlYXRlIjo2MDAwMDAwMDAwMDAsImRlbGV0ZSI6MTIwMDAwMDAwMDAwMCwidXBkYXRlIjo2MDAwMDAwMDAwMDB9LCJzY2hlbWFfdmVyc2lvbiI6IjEifQ==",
          "dependencies": [
            "data.aws_ami.myami",
            "module.myvpc.aws_subnet.public",
            "module.myvpc.aws_vpc.this",
            "module.myvpc.aws_vpc_ipv4_cidr_block_association.this",
            "module.public_bastion_sg.aws_security_group.this",
            "module.public_bastion_sg.aws_security_group.this_name_prefix"
          ]
        }
      ]
    },
    {
      "module": "module.myvpc",
      "mode": "managed",
      "type": "aws_eip",
      "name": "nat",
      "provider": "provider[\"registry.terraform.io/hashicorp/aws\"]",
      "instances": [
        {
          "index_key": 0,
          "schema_version": 0,
          "attributes": {
            "address": null,
            "allocation_id": null,
            "associate_with_private_ip": null,
            "association_id": "",
            "carrier_ip": "",
            "customer_owned_ip": "",
            "customer_owned_ipv4_pool": "",
            "domain": "vpc",
            "id": "eipalloc-0d3567ac5e44e0a11",
            "instance": "",
            "network_border_group": "us-east-1",
            "network_interface": "",
            "private_dns": null,
            "private_ip": "",
            "public_dns": "ec2-54-234-130-38.compute-1.amazonaws.com",
            "public_ip": "54.234.130.38",
            "public_ipv4_pool": "amazon",
            "tags": {
              "Environment": "dev",
              "Name": "myvpc-us-east-1a",
              "Owner": "sam"
            },
            "tags_all": {
              "Environment": "dev",
              "Name": "myvpc-us-east-1a",
              "Owner": "sam"
            },
            "timeouts": null,
            "vpc": true
          },
          "sensitive_attributes": [],
          "private": "eyJlMmJmYjczMC1lY2FhLTExZTYtOGY4OC0zNDM2M2JjN2M0YzAiOnsiZGVsZXRlIjoxODAwMDAwMDAwMDAsInJlYWQiOjkwMDAwMDAwMDAwMCwidXBkYXRlIjozMDAwMDAwMDAwMDB9fQ=="
        }
      ]
    },
    {
      "module": "module.myvpc",
      "mode": "managed",
      "type": "aws_internet_gateway",
      "name": "this",
      "provider": "provider[\"registry.terraform.io/hashicorp/aws\"]",
      "instances": [
        {
          "index_key": 0,
          "schema_version": 0,
          "attributes": {
            "arn": "arn:aws:ec2:us-east-1:097197321955:internet-gateway/igw-01d353ee046b73c60",
            "id": "igw-01d353ee046b73c60",
            "owner_id": "097197321955",
            "tags": {
              "Environment": "dev",
              "Name": "myvpc",
              "Owner": "sam"
            },
            "tags_all": {
              "Environment": "dev",
              "Name": "myvpc",
              "Owner": "sam"
            },
            "vpc_id": "vpc-0197cd7ae68519180"
          },
          "sensitive_attributes": [],
          "private": "bnVsbA==",
          "dependencies": [
            "module.myvpc.aws_vpc.this",
            "module.myvpc.aws_vpc_ipv4_cidr_block_association.this"
          ]
        }
      ]
    },
    {
      "module": "module.myvpc",
      "mode": "managed",
      "type": "aws_nat_gateway",
      "name": "this",
      "provider": "provider[\"registry.terraform.io/hashicorp/aws\"]",
      "instances": [
        {
          "index_key": 0,
          "schema_version": 0,
          "attributes": {
            "allocation_id": "eipalloc-0d3567ac5e44e0a11",
            "connectivity_type": "public",
            "id": "nat-07a26402c1605671b",
            "network_interface_id": "eni-0ab1fa34aeab77155",
            "private_ip": "10.0.3.211",
            "public_ip": "54.234.130.38",
            "subnet_id": "subnet-0a68aad311373be06",
            "tags": {
              "Environment": "dev",
              "Name": "myvpc-us-east-1a",
              "Owner": "sam"
            },
            "tags_all": {
              "Environment": "dev",
              "Name": "myvpc-us-east-1a",
              "Owner": "sam"
            }
          },
          "sensitive_attributes": [],
          "private": "bnVsbA==",
          "dependencies": [
            "module.myvpc.aws_eip.nat",
            "module.myvpc.aws_internet_gateway.this",
            "module.myvpc.aws_subnet.public",
            "module.myvpc.aws_vpc.this",
            "module.myvpc.aws_vpc_ipv4_cidr_block_association.this"
          ]
        }
      ]
    },
    {
      "module": "module.myvpc",
      "mode": "managed",
      "type": "aws_route",
      "name": "private_nat_gateway",
      "provider": "provider[\"registry.terraform.io/hashicorp/aws\"]",
      "instances": [
        {
          "index_key": 0,
          "schema_version": 0,
          "attributes": {
            "carrier_gateway_id": "",
            "destination_cidr_block": "0.0.0.0/0",
            "destination_ipv6_cidr_block": "",
            "destination_prefix_list_id": "",
            "egress_only_gateway_id": "",
            "gateway_id": "",
            "id": "r-rtb-09658a905650a72281080289494",
            "instance_id": "",
            "instance_owner_id": "",
            "local_gateway_id": "",
            "nat_gateway_id": "nat-07a26402c1605671b",
            "network_interface_id": "",
            "origin": "CreateRoute",
            "route_table_id": "rtb-09658a905650a7228",
            "state": "active",
            "timeouts": {
              "create": "5m",
              "delete": null
            },
            "transit_gateway_id": "",
            "vpc_endpoint_id": "",
            "vpc_peering_connection_id": ""
          },
          "sensitive_attributes": [],
          "private": "eyJlMmJmYjczMC1lY2FhLTExZTYtOGY4OC0zNDM2M2JjN2M0YzAiOnsiY3JlYXRlIjozMDAwMDAwMDAwMDAsImRlbGV0ZSI6MzAwMDAwMDAwMDAwfX0=",
          "dependencies": [
            "module.myvpc.aws_eip.nat",
            "module.myvpc.aws_internet_gateway.this",
            "module.myvpc.aws_nat_gateway.this",
            "module.myvpc.aws_route_table.private",
            "module.myvpc.aws_subnet.public",
            "module.myvpc.aws_vpc.this",
            "module.myvpc.aws_vpc_ipv4_cidr_block_association.this"
          ]
        }
      ]
    },
    {
      "module": "module.myvpc",
      "mode": "managed",
      "type": "aws_route",
      "name": "public_internet_gateway",
      "provider": "provider[\"registry.terraform.io/hashicorp/aws\"]",
      "instances": [
        {
          "index_key": 0,
          "schema_version": 0,
          "attributes": {
            "carrier_gateway_id": "",
            "destination_cidr_block": "0.0.0.0/0",
            "destination_ipv6_cidr_block": "",
            "destination_prefix_list_id": "",
            "egress_only_gateway_id": "",
            "gateway_id": "igw-01d353ee046b73c60",
            "id": "r-rtb-0f2c25979dde296231080289494",
            "instance_id": "",
            "instance_owner_id": "",
            "local_gateway_id": "",
            "nat_gateway_id": "",
            "network_interface_id": "",
            "origin": "CreateRoute",
            "route_table_id": "rtb-0f2c25979dde29623",
            "state": "active",
            "timeouts": {
              "create": "5m",
              "delete": null
            },
            "transit_gateway_id": "",
            "vpc_endpoint_id": "",
            "vpc_peering_connection_id": ""
          },
          "sensitive_attributes": [],
          "private": "eyJlMmJmYjczMC1lY2FhLTExZTYtOGY4OC0zNDM2M2JjN2M0YzAiOnsiY3JlYXRlIjozMDAwMDAwMDAwMDAsImRlbGV0ZSI6MzAwMDAwMDAwMDAwfX0=",
          "dependencies": [
            "module.myvpc.aws_internet_gateway.this",
            "module.myvpc.aws_route_table.public",
            "module.myvpc.aws_vpc.this",
            "module.myvpc.aws_vpc_ipv4_cidr_block_association.this"
          ]
        }
      ]
    },
    {
      "module": "module.myvpc",
      "mode": "managed",
      "type": "aws_route_table",
      "name": "private",
      "provider": "provider[\"registry.terraform.io/hashicorp/aws\"]",
      "instances": [
        {
          "index_key": 0,
          "schema_version": 0,
          "attributes": {
            "arn": "arn:aws:ec2:us-east-1:097197321955:route-table/rtb-09658a905650a7228",
            "id": "rtb-09658a905650a7228",
            "owner_id": "097197321955",
            "propagating_vgws": [],
            "route": [],
            "tags": {
              "Environment": "dev",
              "Name": "myvpc-private",
              "Owner": "sam"
            },
            "tags_all": {
              "Environment": "dev",
              "Name": "myvpc-private",
              "Owner": "sam"
            },
            "vpc_id": "vpc-0197cd7ae68519180"
          },
          "sensitive_attributes": [],
          "private": "bnVsbA==",
          "dependencies": [
            "module.myvpc.aws_vpc.this",
            "module.myvpc.aws_vpc_ipv4_cidr_block_association.this"
          ]
        }
      ]
    },
    {
      "module": "module.myvpc",
      "mode": "managed",
      "type": "aws_route_table",
      "name": "public",
      "provider": "provider[\"registry.terraform.io/hashicorp/aws\"]",
      "instances": [
        {
          "index_key": 0,
          "schema_version": 0,
          "attributes": {
            "arn": "arn:aws:ec2:us-east-1:097197321955:route-table/rtb-0f2c25979dde29623",
            "id": "rtb-0f2c25979dde29623",
            "owner_id": "097197321955",
            "propagating_vgws": [],
            "route": [],
            "tags": {
              "Environment": "dev",
              "Name": "myvpc-public",
              "Owner": "sam"
            },
            "tags_all": {
              "Environment": "dev",
              "Name": "myvpc-public",
              "Owner": "sam"
            },
            "vpc_id": "vpc-0197cd7ae68519180"
          },
          "sensitive_attributes": [],
          "private": "bnVsbA==",
          "dependencies": [
            "module.myvpc.aws_vpc.this",
            "module.myvpc.aws_vpc_ipv4_cidr_block_association.this"
          ]
        }
      ]
    },
    {
      "module": "module.myvpc",
      "mode": "managed",
      "type": "aws_route_table_association",
      "name": "private",
      "provider": "provider[\"registry.terraform.io/hashicorp/aws\"]",
      "instances": [
        {
          "index_key": 0,
          "schema_version": 0,
          "attributes": {
            "gateway_id": "",
            "id": "rtbassoc-0db792d78024847a5",
            "route_table_id": "rtb-09658a905650a7228",
            "subnet_id": "subnet-04ddbe0402654410d"
          },
          "sensitive_attributes": [],
          "private": "bnVsbA==",
          "dependencies": [
            "module.myvpc.aws_route_table.private",
            "module.myvpc.aws_subnet.private",
            "module.myvpc.aws_vpc.this",
            "module.myvpc.aws_vpc_ipv4_cidr_block_association.this"
          ]
        },
        {
          "index_key": 1,
          "schema_version": 0,
          "attributes": {
            "gateway_id": "",
            "id": "rtbassoc-048df011fb4f996ae",
            "route_table_id": "rtb-09658a905650a7228",
            "subnet_id": "subnet-06e9d717034009602"
          },
          "sensitive_attributes": [],
          "private": "bnVsbA==",
          "dependencies": [
            "module.myvpc.aws_route_table.private",
            "module.myvpc.aws_subnet.private",
            "module.myvpc.aws_vpc.this",
            "module.myvpc.aws_vpc_ipv4_cidr_block_association.this"
          ]
        }
      ]
    },
    {
      "module": "module.myvpc",
      "mode": "managed",
      "type": "aws_route_table_association",
      "name": "public",
      "provider": "provider[\"registry.terraform.io/hashicorp/aws\"]",
      "instances": [
        {
          "index_key": 0,
          "schema_version": 0,
          "attributes": {
            "gateway_id": "",
            "id": "rtbassoc-02134a755979c26aa",
            "route_table_id": "rtb-0f2c25979dde29623",
            "subnet_id": "subnet-0a68aad311373be06"
          },
          "sensitive_attributes": [],
          "private": "bnVsbA==",
          "dependencies": [
            "module.myvpc.aws_route_table.public",
            "module.myvpc.aws_subnet.public",
            "module.myvpc.aws_vpc.this",
            "module.myvpc.aws_vpc_ipv4_cidr_block_association.this"
          ]
        },
        {
          "index_key": 1,
          "schema_version": 0,
          "attributes": {
            "gateway_id": "",
            "id": "rtbassoc-00b7604e0894065bf",
            "route_table_id": "rtb-0f2c25979dde29623",
            "subnet_id": "subnet-072a63e7d81f9e36d"
          },
          "sensitive_attributes": [],
          "private": "bnVsbA==",
          "dependencies": [
            "module.myvpc.aws_route_table.public",
            "module.myvpc.aws_subnet.public",
            "module.myvpc.aws_vpc.this",
            "module.myvpc.aws_vpc_ipv4_cidr_block_association.this"
          ]
        }
      ]
    },
    {
      "module": "module.myvpc",
      "mode": "managed",
      "type": "aws_subnet",
      "name": "private",
      "provider": "provider[\"registry.terraform.io/hashicorp/aws\"]",
      "instances": [
        {
          "index_key": 0,
          "schema_version": 1,
          "attributes": {
            "arn": "arn:aws:ec2:us-east-1:097197321955:subnet/subnet-04ddbe0402654410d",
            "assign_ipv6_address_on_creation": false,
            "availability_zone": "us-east-1a",
            "availability_zone_id": "use1-az1",
            "cidr_block": "10.0.1.0/24",
            "customer_owned_ipv4_pool": "",
            "id": "subnet-04ddbe0402654410d",
            "ipv6_cidr_block": "",
            "ipv6_cidr_block_association_id": "",
            "map_customer_owned_ip_on_launch": false,
            "map_public_ip_on_launch": false,
            "outpost_arn": "",
            "owner_id": "097197321955",
            "tags": {
              "Environment": "dev",
              "Name": "private-subnet",
              "Owner": "sam"
            },
            "tags_all": {
              "Environment": "dev",
              "Name": "private-subnet",
              "Owner": "sam"
            },
            "timeouts": null,
            "vpc_id": "vpc-0197cd7ae68519180"
          },
          "sensitive_attributes": [],
          "private": "eyJlMmJmYjczMC1lY2FhLTExZTYtOGY4OC0zNDM2M2JjN2M0YzAiOnsiY3JlYXRlIjo2MDAwMDAwMDAwMDAsImRlbGV0ZSI6MTIwMDAwMDAwMDAwMH0sInNjaGVtYV92ZXJzaW9uIjoiMSJ9",
          "dependencies": [
            "module.myvpc.aws_vpc.this",
            "module.myvpc.aws_vpc_ipv4_cidr_block_association.this"
          ]
        },
        {
          "index_key": 1,
          "schema_version": 1,
          "attributes": {
            "arn": "arn:aws:ec2:us-east-1:097197321955:subnet/subnet-06e9d717034009602",
            "assign_ipv6_address_on_creation": false,
            "availability_zone": "us-east-1b",
            "availability_zone_id": "use1-az2",
            "cidr_block": "10.0.2.0/24",
            "customer_owned_ipv4_pool": "",
            "id": "subnet-06e9d717034009602",
            "ipv6_cidr_block": "",
            "ipv6_cidr_block_association_id": "",
            "map_customer_owned_ip_on_launch": false,
            "map_public_ip_on_launch": false,
            "outpost_arn": "",
            "owner_id": "097197321955",
            "tags": {
              "Environment": "dev",
              "Name": "private-subnet",
              "Owner": "sam"
            },
            "tags_all": {
              "Environment": "dev",
              "Name": "private-subnet",
              "Owner": "sam"
            },
            "timeouts": null,
            "vpc_id": "vpc-0197cd7ae68519180"
          },
          "sensitive_attributes": [],
          "private": "eyJlMmJmYjczMC1lY2FhLTExZTYtOGY4OC0zNDM2M2JjN2M0YzAiOnsiY3JlYXRlIjo2MDAwMDAwMDAwMDAsImRlbGV0ZSI6MTIwMDAwMDAwMDAwMH0sInNjaGVtYV92ZXJzaW9uIjoiMSJ9",
          "dependencies": [
            "module.myvpc.aws_vpc.this",
            "module.myvpc.aws_vpc_ipv4_cidr_block_association.this"
          ]
        }
      ]
    },
    {
      "module": "module.myvpc",
      "mode": "managed",
      "type": "aws_subnet",
      "name": "public",
      "provider": "provider[\"registry.terraform.io/hashicorp/aws\"]",
      "instances": [
        {
          "index_key": 0,
          "schema_version": 1,
          "attributes": {
            "arn": "arn:aws:ec2:us-east-1:097197321955:subnet/subnet-0a68aad311373be06",
            "assign_ipv6_address_on_creation": false,
            "availability_zone": "us-east-1a",
            "availability_zone_id": "use1-az1",
            "cidr_block": "10.0.3.0/24",
            "customer_owned_ipv4_pool": "",
            "id": "subnet-0a68aad311373be06",
            "ipv6_cidr_block": "",
            "ipv6_cidr_block_association_id": "",
            "map_customer_owned_ip_on_launch": false,
            "map_public_ip_on_launch": true,
            "outpost_arn": "",
            "owner_id": "097197321955",
            "tags": {
              "Environment": "dev",
              "Name": "public-subnet",
              "Owner": "sam"
            },
            "tags_all": {
              "Environment": "dev",
              "Name": "public-subnet",
              "Owner": "sam"
            },
            "timeouts": null,
            "vpc_id": "vpc-0197cd7ae68519180"
          },
          "sensitive_attributes": [],
          "private": "eyJlMmJmYjczMC1lY2FhLTExZTYtOGY4OC0zNDM2M2JjN2M0YzAiOnsiY3JlYXRlIjo2MDAwMDAwMDAwMDAsImRlbGV0ZSI6MTIwMDAwMDAwMDAwMH0sInNjaGVtYV92ZXJzaW9uIjoiMSJ9",
          "dependencies": [
            "module.myvpc.aws_vpc.this",
            "module.myvpc.aws_vpc_ipv4_cidr_block_association.this"
          ]
        },
        {
          "index_key": 1,
          "schema_version": 1,
          "attributes": {
            "arn": "arn:aws:ec2:us-east-1:097197321955:subnet/subnet-072a63e7d81f9e36d",
            "assign_ipv6_address_on_creation": false,
            "availability_zone": "us-east-1b",
            "availability_zone_id": "use1-az2",
            "cidr_block": "10.0.4.0/24",
            "customer_owned_ipv4_pool": "",
            "id": "subnet-072a63e7d81f9e36d",
            "ipv6_cidr_block": "",
            "ipv6_cidr_block_association_id": "",
            "map_customer_owned_ip_on_launch": false,
            "map_public_ip_on_launch": true,
            "outpost_arn": "",
            "owner_id": "097197321955",
            "tags": {
              "Environment": "dev",
              "Name": "public-subnet",
              "Owner": "sam"
            },
            "tags_all": {
              "Environment": "dev",
              "Name": "public-subnet",
              "Owner": "sam"
            },
            "timeouts": null,
            "vpc_id": "vpc-0197cd7ae68519180"
          },
          "sensitive_attributes": [],
          "private": "eyJlMmJmYjczMC1lY2FhLTExZTYtOGY4OC0zNDM2M2JjN2M0YzAiOnsiY3JlYXRlIjo2MDAwMDAwMDAwMDAsImRlbGV0ZSI6MTIwMDAwMDAwMDAwMH0sInNjaGVtYV92ZXJzaW9uIjoiMSJ9",
          "dependencies": [
            "module.myvpc.aws_vpc.this",
            "module.myvpc.aws_vpc_ipv4_cidr_block_association.this"
          ]
        }
      ]
    },
    {
      "module": "module.myvpc",
      "mode": "managed",
      "type": "aws_vpc",
      "name": "this",
      "provider": "provider[\"registry.terraform.io/hashicorp/aws\"]",
      "instances": [
        {
          "index_key": 0,
          "schema_version": 1,
          "attributes": {
            "arn": "arn:aws:ec2:us-east-1:097197321955:vpc/vpc-0197cd7ae68519180",
            "assign_generated_ipv6_cidr_block": false,
            "cidr_block": "10.0.0.0/16",
            "default_network_acl_id": "acl-0f3080c4e1e1618ac",
            "default_route_table_id": "rtb-0b2a29b4238b26041",
            "default_security_group_id": "sg-0bac5df5e4133ebc3",
            "dhcp_options_id": "dopt-79dde703",
            "enable_classiclink": false,
            "enable_classiclink_dns_support": false,
            "enable_dns_hostnames": true,
            "enable_dns_support": true,
            "id": "vpc-0197cd7ae68519180",
            "instance_tenancy": "default",
            "ipv6_association_id": "",
            "ipv6_cidr_block": "",
            "main_route_table_id": "rtb-0b2a29b4238b26041",
            "owner_id": "097197321955",
            "tags": {
              "Environment": "dev",
              "Name": "vpc-dev",
              "Owner": "sam"
            },
            "tags_all": {
              "Environment": "dev",
              "Name": "vpc-dev",
              "Owner": "sam"
            }
          },
          "sensitive_attributes": [],
          "private": "eyJzY2hlbWFfdmVyc2lvbiI6IjEifQ==",
          "create_before_destroy": true
        }
      ]
    },
    {
      "module": "module.public_bastion_sg",
      "mode": "managed",
      "type": "aws_security_group",
      "name": "this_name_prefix",
      "provider": "provider[\"registry.terraform.io/hashicorp/aws\"]",
      "instances": [
        {
          "index_key": 0,
          "schema_version": 1,
          "attributes": {
            "arn": "arn:aws:ec2:us-east-1:097197321955:security-group/sg-03cf39118b213c974",
            "description": "SG for bastion host",
            "egress": [],
            "id": "sg-03cf39118b213c974",
            "ingress": [],
            "name": "SG-bastion-host-20211022024701290700000001",
            "name_prefix": "SG-bastion-host-",
            "owner_id": "097197321955",
            "revoke_rules_on_delete": false,
            "tags": {
              "Name": "SG-bastion-host",
              "environment": "dev",
              "owners": "sap"
            },
            "tags_all": {
              "Name": "SG-bastion-host",
              "environment": "dev",
              "owners": "sap"
            },
            "timeouts": null,
            "vpc_id": "vpc-0197cd7ae68519180"
          },
          "sensitive_attributes": [],
          "private": "eyJlMmJmYjczMC1lY2FhLTExZTYtOGY4OC0zNDM2M2JjN2M0YzAiOnsiY3JlYXRlIjo2MDAwMDAwMDAwMDAsImRlbGV0ZSI6OTAwMDAwMDAwMDAwfSwic2NoZW1hX3ZlcnNpb24iOiIxIn0=",
          "dependencies": [
            "module.myvpc.aws_vpc.this"
          ],
          "create_before_destroy": true
        }
      ]
    },
    {
      "module": "module.public_bastion_sg",
      "mode": "managed",
      "type": "aws_security_group_rule",
      "name": "egress_rules",
      "provider": "provider[\"registry.terraform.io/hashicorp/aws\"]",
      "instances": [
        {
          "index_key": 0,
          "schema_version": 2,
          "attributes": {
            "cidr_blocks": [
              "0.0.0.0/0"
            ],
            "description": "All protocols",
            "from_port": -1,
            "id": "sgrule-2643802634",
            "ipv6_cidr_blocks": [
              "::/0"
            ],
            "prefix_list_ids": [],
            "protocol": "-1",
            "security_group_id": "sg-03cf39118b213c974",
            "self": false,
            "source_security_group_id": null,
            "to_port": -1,
            "type": "egress"
          },
          "sensitive_attributes": [],
          "private": "eyJzY2hlbWFfdmVyc2lvbiI6IjIifQ==",
          "dependencies": [
            "module.myvpc.aws_vpc.this",
            "module.public_bastion_sg.aws_security_group.this",
            "module.public_bastion_sg.aws_security_group.this_name_prefix"
          ]
        }
      ]
    },
    {
      "module": "module.public_bastion_sg",
      "mode": "managed",
      "type": "aws_security_group_rule",
      "name": "ingress_rules",
      "provider": "provider[\"registry.terraform.io/hashicorp/aws\"]",
      "instances": [
        {
          "index_key": 0,
          "schema_version": 2,
          "attributes": {
            "cidr_blocks": [
              "0.0.0.0/0"
            ],
            "description": "SSH",
            "from_port": 22,
            "id": "sgrule-1659694627",
            "ipv6_cidr_blocks": [],
            "prefix_list_ids": [],
            "protocol": "tcp",
            "security_group_id": "sg-03cf39118b213c974",
            "self": false,
            "source_security_group_id": null,
            "to_port": 22,
            "type": "ingress"
          },
          "sensitive_attributes": [],
          "private": "eyJzY2hlbWFfdmVyc2lvbiI6IjIifQ==",
          "dependencies": [
            "module.myvpc.aws_vpc.this",
            "module.public_bastion_sg.aws_security_group.this",
            "module.public_bastion_sg.aws_security_group.this_name_prefix"
          ]
        }
      ]
    }
  ]
}
